
Microsoft Visual Studio Solution File, Format Version 12.00
# Visual Studio Version 17
VisualStudioVersion = 17.0.31903.59
MinimumVisualStudioVersion = 10.0.40219.1
Project("{2150E333-8FDC-42A3-9474-1A3956D46DE8}") = "src", "src", "{827E0CD3-B72D-47B6-A68D-7590B98EB39B}"
EndProject
Project("{FAE04EC0-301F-11D3-BF4B-00C04F79EFBC}") = "GhCLI.Plugin", "src\GhCLI.Plugin\GhCLI.Plugin.csproj", "{28FF1361-D3F4-45DB-B4BB-D2204DE52A71}"
EndProject
Project("{FAE04EC0-301F-11D3-BF4B-00C04F79EFBC}") = "GhCLI.Protocol", "src\GhCLI.Protocol\GhCLI.Protocol.csproj", "{6022BFEC-76A9-427C-9908-CF02699DB14B}"
EndProject
Project("{FAE04EC0-301F-11D3-BF4B-00C04F79EFBC}") = "GhCLI.Core", "src\GhCLI.Core\GhCLI.Core.csproj", "{529014AF-086A-436E-8477-1091BD4C0981}"
EndProject
Project("{FAE04EC0-301F-11D3-BF4B-00C04F79EFBC}") = "GhCLI", "src\GhCLI\GhCLI.csproj", "{15904149-0038-4A61-B7A3-67B8DBAD959A}"
EndProject
Global
	GlobalSection(SolutionConfigurationPlatforms) = preSolution
		Debug|Any CPU = Debug|Any CPU
		Debug|x64 = Debug|x64
		Debug|x86 = Debug|x86
		Release|Any CPU = Release|Any CPU
		Release|x64 = Release|x64
		Release|x86 = Release|x86
	EndGlobalSection
	GlobalSection(ProjectConfigurationPlatforms) = postSolution
		{28FF1361-D3F4-45DB-B4BB-D2204DE52A71}.Debug|Any CPU.ActiveCfg = Debug|Any CPU
		{28FF1361-D3F4-45DB-B4BB-D2204DE52A71}.Debug|Any CPU.Build.0 = Debug|Any CPU
		{28FF1361-D3F4-45DB-B4BB-D2204DE52A71}.Debug|x64.ActiveCfg = Debug|Any CPU
		{28FF1361-D3F4-45DB-B4BB-D2204DE52A71}.Debug|x64.Build.0 = Debug|Any CPU
		{28FF1361-D3F4-45DB-B4BB-D2204DE52A71}.Debug|x86.ActiveCfg = Debug|Any CPU
		{28FF1361-D3F4-45DB-B4BB-D2204DE52A71}.Debug|x86.Build.0 = Debug|Any CPU
		{28FF1361-D3F4-45DB-B4BB-D2204DE52A71}.Release|Any CPU.ActiveCfg = Release|Any CPU
		{28FF1361-D3F4-45DB-B4BB-D2204DE52A71}.Release|Any CPU.Build.0 = Release|Any CPU
		{28FF1361-D3F4-45DB-B4BB-D2204DE52A71}.Release|x64.ActiveCfg = Release|Any CPU
		{28FF1361-D3F4-45DB-B4BB-D2204DE52A71}.Release|x64.Build.0 = Release|Any CPU
		{28FF1361-D3F4-45DB-B4BB-D2204DE52A71}.Release|x86.ActiveCfg = Release|Any CPU
		{28FF1361-D3F4-45DB-B4BB-D2204DE52A71}.Release|x86.Build.0 = Release|Any CPU
		{6022BFEC-76A9-427C-9908-CF02699DB14B}.Debug|Any CPU.ActiveCfg = Debug|Any CPU
		{6022BFEC-76A9-427C-9908-CF02699DB14B}.Debug|Any CPU.Build.0 = Debug|Any CPU
		{6022BFEC-76A9-427C-9908-CF02699DB14B}.Debug|x64.ActiveCfg = Debug|Any CPU
		{6022BFEC-76A9-427C-9908-CF02699DB14B}.Debug|x64.Build.0 = Debug|Any CPU
		{6022BFEC-76A9-427C-9908-CF02699DB14B}.Debug|x86.ActiveCfg = Debug|Any CPU
		{6022BFEC-76A9-427C-9908-CF02699DB14B}.Debug|x86.Build.0 = Debug|Any CPU
		{6022BFEC-76A9-427C-9908-CF02699DB14B}.Release|Any CPU.ActiveCfg = Release|Any CPU
		{6022BFEC-76A9-427C-9908-CF02699DB14B}.Release|Any CPU.Build.0 = Release|Any CPU
		{6022BFEC-76A9-427C-9908-CF02699DB14B}.Release|x64.ActiveCfg = Release|Any CPU
		{6022BFEC-76A9-427C-9908-CF02699DB14B}.Release|x64.Build.0 = Release|Any CPU
		{6022BFEC-76A9-427C-9908-CF02699DB14B}.Release|x86.ActiveCfg = Release|Any CPU
		{6022BFEC-76A9-427C-9908-CF02699DB14B}.Release|x86.Build.0 = Release|Any CPU
		{529014AF-086A-436E-8477-1091BD4C0981}.Debug|Any CPU.ActiveCfg = Debug|Any CPU
		{529014AF-086A-436E-8477-1091BD4C0981}.Debug|Any CPU.Build.0 = Debug|Any CPU
		{529014AF-086A-436E-8477-1091BD4C0981}.Debug|x64.ActiveCfg = Debug|Any CPU
		{529014AF-086A-436E-8477-1091BD4C0981}.Debug|x64.Build.0 = Debug|Any CPU
		{529014AF-086A-436E-8477-1091BD4C0981}.Debug|x86.ActiveCfg = Debug|Any CPU
		{529014AF-086A-436E-8477-1091BD4C0981}.Debug|x86.Build.0 = Debug|Any CPU
		{529014AF-086A-436E-8477-1091BD4C0981}.Release|Any CPU.ActiveCfg = Release|Any CPU
		{529014AF-086A-436E-8477-1091BD4C0981}.Release|Any CPU.Build.0 = Release|Any CPU
		{529014AF-086A-436E-8477-1091BD4C0981}.Release|x64.ActiveCfg = Release|Any CPU
		{529014AF-086A-436E-8477-1091BD4C0981}.Release|x64.Build.0 = Release|Any CPU
		{529014AF-086A-436E-8477-1091BD4C0981}.Release|x86.ActiveCfg = Release|Any CPU
		{529014AF-086A-436E-8477-1091BD4C0981}.Release|x86.Build.0 = Release|Any CPU
		{15904149-0038-4A61-B7A3-67B8DBAD959A}.Debug|Any CPU.ActiveCfg = Debug|Any CPU
		{15904149-0038-4A61-B7A3-67B8DBAD959A}.Debug|Any CPU.Build.0 = Debug|Any CPU
		{15904149-0038-4A61-B7A3-67B8DBAD959A}.Debug|x64.ActiveCfg = Debug|Any CPU
		{15904149-0038-4A61-B7A3-67B8DBAD959A}.Debug|x64.Build.0 = Debug|Any CPU
		{15904149-0038-4A61-B7A3-67B8DBAD959A}.Debug|x86.ActiveCfg = Debug|Any CPU
		{15904149-0038-4A61-B7A3-67B8DBAD959A}.Debug|x86.Build.0 = Debug|Any CPU
		{15904149-0038-4A61-B7A3-67B8DBAD959A}.Release|Any CPU.ActiveCfg = Release|Any CPU
		{15904149-0038-4A61-B7A3-67B8DBAD959A}.Release|Any CPU.Build.0 = Release|Any CPU
		{15904149-0038-4A61-B7A3-67B8DBAD959A}.Release|x64.ActiveCfg = Release|Any CPU
		{15904149-0038-4A61-B7A3-67B8DBAD959A}.Release|x64.Build.0 = Release|Any CPU
		{15904149-0038-4A61-B7A3-67B8DBAD959A}.Release|x86.ActiveCfg = Release|Any CPU
		{15904149-0038-4A61-B7A3-67B8DBAD959A}.Release|x86.Build.0 = Release|Any CPU
	EndGlobalSection
	GlobalSection(SolutionProperties) = preSolution
		HideSolutionNode = FALSE
	EndGlobalSection
	GlobalSection(NestedProjects) = preSolution
		{28FF1361-D3F4-45DB-B4BB-D2204DE52A71} = {827E0CD3-B72D-47B6-A68D-7590B98EB39B}
		{6022BFEC-76A9-427C-9908-CF02699DB14B} = {827E0CD3-B72D-47B6-A68D-7590B98EB39B}
		{529014AF-086A-436E-8477-1091BD4C0981} = {827E0CD3-B72D-47B6-A68D-7590B98EB39B}
		{15904149-0038-4A61-B7A3-67B8DBAD959A} = {827E0CD3-B72D-47B6-A68D-7590B98EB39B}
	EndGlobalSection
EndGlobal
